
Microsoft Visual Studio Solution File, Format Version 12.00
# Visual Studio Version 17
VisualStudioVersion = 17.5.33516.290
MinimumVisualStudioVersion = 10.0.40219.1
Project("{9A19103F-16F7-4668-BE54-9A1E7A4F7556}") = "Entidades", "Entidades\Entidades.csproj", "{C6FAC7FA-B2A4-459D-A9BE-7E2EEB661098}"
EndProject
Project("{9A19103F-16F7-4668-BE54-9A1E7A4F7556}") = "Presentacion", "Presentacion\Presentacion.csproj", "{327F877D-8468-4D7C-8AFE-95AA05E5B052}"
EndProject
Project("{FAE04EC0-301F-11D3-BF4B-00C04F79EFBC}") = "PruebaConsola", "PruebaConsola\PruebaConsola.csproj", "{92B66D8D-726F-4C20-9967-AB6B6A88DCA2}"
EndProject
Global
	GlobalSection(SolutionConfigurationPlatforms) = preSolution
		Debug|Any CPU = Debug|Any CPU
		Release|Any CPU = Release|Any CPU
	EndGlobalSection
	GlobalSection(ProjectConfigurationPlatforms) = postSolution
		{C6FAC7FA-B2A4-459D-A9BE-7E2EEB661098}.Debug|Any CPU.ActiveCfg = Debug|Any CPU
		{C6FAC7FA-B2A4-459D-A9BE-7E2EEB661098}.Debug|Any CPU.Build.0 = Debug|Any CPU
		{C6FAC7FA-B2A4-459D-A9BE-7E2EEB661098}.Release|Any CPU.ActiveCfg = Release|Any CPU
		{C6FAC7FA-B2A4-459D-A9BE-7E2EEB661098}.Release|Any CPU.Build.0 = Release|Any CPU
		{327F877D-8468-4D7C-8AFE-95AA05E5B052}.Debug|Any CPU.ActiveCfg = Debug|Any CPU
		{327F877D-8468-4D7C-8AFE-95AA05E5B052}.Debug|Any CPU.Build.0 = Debug|Any CPU
		{327F877D-8468-4D7C-8AFE-95AA05E5B052}.Release|Any CPU.ActiveCfg = Release|Any CPU
		{327F877D-8468-4D7C-8AFE-95AA05E5B052}.Release|Any CPU.Build.0 = Release|Any CPU
		{92B66D8D-726F-4C20-9967-AB6B6A88DCA2}.Debug|Any CPU.ActiveCfg = Debug|Any CPU
		{92B66D8D-726F-4C20-9967-AB6B6A88DCA2}.Debug|Any CPU.Build.0 = Debug|Any CPU
		{92B66D8D-726F-4C20-9967-AB6B6A88DCA2}.Release|Any CPU.ActiveCfg = Release|Any CPU
		{92B66D8D-726F-4C20-9967-AB6B6A88DCA2}.Release|Any CPU.Build.0 = Release|Any CPU
	EndGlobalSection
	GlobalSection(SolutionProperties) = preSolution
		HideSolutionNode = FALSE
	EndGlobalSection
	GlobalSection(ExtensibilityGlobals) = postSolution
		SolutionGuid = {366FA750-3557-4AD9-914E-598EB95C3FD6}
	EndGlobalSection
EndGlobal
